
Microsoft Visual Studio Solution File, Format Version 12.00
Project("{FAE04EC0-301F-11D3-BF4B-00C04F79EFBC}") = "HeadUnitTests", "HeadUnitTests\HeadUnitTests.csproj", "{009302C3-6646-46A8-A2FB-49E5E5676572}"
EndProject
Global
	GlobalSection(SolutionConfigurationPlatforms) = preSolution
		Debug|Any CPU = Debug|Any CPU
		Release|Any CPU = Release|Any CPU
	EndGlobalSection
	GlobalSection(ProjectConfigurationPlatforms) = postSolution
		{009302C3-6646-46A8-A2FB-49E5E5676572}.Debug|Any CPU.ActiveCfg = Debug|Any CPU
		{009302C3-6646-46A8-A2FB-49E5E5676572}.Debug|Any CPU.Build.0 = Debug|Any CPU
		{009302C3-6646-46A8-A2FB-49E5E5676572}.Release|Any CPU.ActiveCfg = Release|Any CPU
		{009302C3-6646-46A8-A2FB-49E5E5676572}.Release|Any CPU.Build.0 = Release|Any CPU
	EndGlobalSection
EndGlobal
